// !$*UTF8*$!
{
	archiveVersion = 1;
	classes = {
	};
	objectVersion = 50;
	objects = {

/* Begin PBXBuildFile section */
		6CD289E32316AC1900FBD509 /* AppDelegate.swift in Sources */ = {isa = PBXBuildFile; fileRef = 6CD289E22316AC1900FBD509 /* AppDelegate.swift */; };
		6CD289EA2316AC1C00FBD509 /* Assets.xcassets in Resources */ = {isa = PBXBuildFile; fileRef = 6CD289E92316AC1C00FBD509 /* Assets.xcassets */; };
		6CD289ED2316AC1C00FBD509 /* LaunchScreen.storyboard in Resources */ = {isa = PBXBuildFile; fileRef = 6CD289EB2316AC1C00FBD509 /* LaunchScreen.storyboard */; };
		6CD289F62316AC9000FBD509 /* ScanVC.swift in Sources */ = {isa = PBXBuildFile; fileRef = 6CD289F42316AC9000FBD509 /* ScanVC.swift */; };
		6CD289FB2316ADDC00FBD509 /* BTManager.swift in Sources */ = {isa = PBXBuildFile; fileRef = 6CD289FA2316ADDC00FBD509 /* BTManager.swift */; };
		6CD289FE2316AEA100FBD509 /* BTDevice.swift in Sources */ = {isa = PBXBuildFile; fileRef = 6CD289FD2316AEA100FBD509 /* BTDevice.swift */; };
		6CD28A002316B4C200FBD509 /* BTUUID.swift in Sources */ = {isa = PBXBuildFile; fileRef = 6CD289FF2316B4C200FBD509 /* BTUUID.swift */; };
		6CD28A022317F0F200FBD509 /* ESP32LEDBlink+Utilities.swift in Sources */ = {isa = PBXBuildFile; fileRef = 6CD28A012317F0F200FBD509 /* ESP32LEDBlink+Utilities.swift */; };
		6CD28A0523188D0E00FBD509 /* DeviceVC.swift in Sources */ = {isa = PBXBuildFile; fileRef = 6CD28A0323188D0E00FBD509 /* DeviceVC.swift */; };
		6CD28A0623188D0E00FBD509 /* DeviceVC.xib in Resources */ = {isa = PBXBuildFile; fileRef = 6CD28A0423188D0E00FBD509 /* DeviceVC.xib */; };
/* End PBXBuildFile section */

/* Begin PBXFileReference section */
		6CD289DF2316AC1900FBD509 /* ESP32LEDBlink.app */ = {isa = PBXFileReference; explicitFileType = wrapper.application; includeInIndex = 0; path = ESP32LEDBlink.app; sourceTree = BUILT_PRODUCTS_DIR; };
		6CD289E22316AC1900FBD509 /* AppDelegate.swift */ = {isa = PBXFileReference; lastKnownFileType = sourcecode.swift; path = AppDelegate.swift; sourceTree = "<group>"; };
		6CD289E92316AC1C00FBD509 /* Assets.xcassets */ = {isa = PBXFileReference; lastKnownFileType = folder.assetcatalog; path = Assets.xcassets; sourceTree = "<group>"; };
		6CD289EC2316AC1C00FBD509 /* Base */ = {isa = PBXFileReference; lastKnownFileType = file.storyboard; name = Base; path = Base.lproj/LaunchScreen.storyboard; sourceTree = "<group>"; };
		6CD289EE2316AC1C00FBD509 /* Info.plist */ = {isa = PBXFileReference; lastKnownFileType = text.plist.xml; path = Info.plist; sourceTree = "<group>"; };
		6CD289F42316AC9000FBD509 /* ScanVC.swift */ = {isa = PBXFileReference; lastKnownFileType = sourcecode.swift; path = ScanVC.swift; sourceTree = "<group>"; };
		6CD289FA2316ADDC00FBD509 /* BTManager.swift */ = {isa = PBXFileReference; lastKnownFileType = sourcecode.swift; path = BTManager.swift; sourceTree = "<group>"; };
		6CD289FD2316AEA100FBD509 /* BTDevice.swift */ = {isa = PBXFileReference; lastKnownFileType = sourcecode.swift; path = BTDevice.swift; sourceTree = "<group>"; };
		6CD289FF2316B4C200FBD509 /* BTUUID.swift */ = {isa = PBXFileReference; lastKnownFileType = sourcecode.swift; path = BTUUID.swift; sourceTree = "<group>"; };
		6CD28A012317F0F200FBD509 /* ESP32LEDBlink+Utilities.swift */ = {isa = PBXFileReference; lastKnownFileType = sourcecode.swift; path = "ESP32LEDBlink+Utilities.swift"; sourceTree = "<group>"; };
		6CD28A0323188D0E00FBD509 /* DeviceVC.swift */ = {isa = PBXFileReference; lastKnownFileType = sourcecode.swift; path = DeviceVC.swift; sourceTree = "<group>"; };
		6CD28A0423188D0E00FBD509 /* DeviceVC.xib */ = {isa = PBXFileReference; lastKnownFileType = file.xib; path = DeviceVC.xib; sourceTree = "<group>"; };
/* End PBXFileReference section */

/* Begin PBXFrameworksBuildPhase section */
		6CD289DC2316AC1900FBD509 /* Frameworks */ = {
			isa = PBXFrameworksBuildPhase;
			buildActionMask = 2147483647;
			files = (
			);
			runOnlyForDeploymentPostprocessing = 0;
		};
/* End PBXFrameworksBuildPhase section */

/* Begin PBXGroup section */
		6CD289D62316AC1900FBD509 = {
			isa = PBXGroup;
			children = (
				6CD289E12316AC1900FBD509 /* ESP32LEDBlink */,
				6CD289E02316AC1900FBD509 /* Products */,
			);
			sourceTree = "<group>";
		};
		6CD289E02316AC1900FBD509 /* Products */ = {
			isa = PBXGroup;
			children = (
				6CD289DF2316AC1900FBD509 /* ESP32LEDBlink.app */,
			);
			name = Products;
			sourceTree = "<group>";
		};
		6CD289E12316AC1900FBD509 /* ESP32LEDBlink */ = {
			isa = PBXGroup;
			children = (
				6CD289F92316AC9F00FBD509 /* Supporting Files */,
				6CD289FC2316ADE800FBD509 /* Model */,
				6CD289F82316AC9400FBD509 /* Controller */,
			);
			path = ESP32LEDBlink;
			sourceTree = "<group>";
		};
		6CD289F82316AC9400FBD509 /* Controller */ = {
			isa = PBXGroup;
			children = (
				6CD28A0323188D0E00FBD509 /* DeviceVC.swift */,
				6CD28A0423188D0E00FBD509 /* DeviceVC.xib */,
				6CD289F42316AC9000FBD509 /* ScanVC.swift */,
			);
			path = Controller;
			sourceTree = "<group>";
		};
		6CD289F92316AC9F00FBD509 /* Supporting Files */ = {
			isa = PBXGroup;
			children = (
				6CD289E22316AC1900FBD509 /* AppDelegate.swift */,
				6CD289E92316AC1C00FBD509 /* Assets.xcassets */,
				6CD289EB2316AC1C00FBD509 /* LaunchScreen.storyboard */,
				6CD289EE2316AC1C00FBD509 /* Info.plist */,
				6CD28A012317F0F200FBD509 /* ESP32LEDBlink+Utilities.swift */,
			);
			path = "Supporting Files";
			sourceTree = "<group>";
		};
		6CD289FC2316ADE800FBD509 /* Model */ = {
			isa = PBXGroup;
			children = (
				6CD289FA2316ADDC00FBD509 /* BTManager.swift */,
				6CD289FF2316B4C200FBD509 /* BTUUID.swift */,
				6CD289FD2316AEA100FBD509 /* BTDevice.swift */,
			);
			path = Model;
			sourceTree = "<group>";
		};
/* End PBXGroup section */

/* Begin PBXNativeTarget section */
		6CD289DE2316AC1900FBD509 /* ESP32LEDBlink */ = {
			isa = PBXNativeTarget;
			buildConfigurationList = 6CD289F12316AC1C00FBD509 /* Build configuration list for PBXNativeTarget "ESP32LEDBlink" */;
			buildPhases = (
				6CD289DB2316AC1900FBD509 /* Sources */,
				6CD289DC2316AC1900FBD509 /* Frameworks */,
				6CD289DD2316AC1900FBD509 /* Resources */,
			);
			buildRules = (
			);
			dependencies = (
			);
			name = ESP32LEDBlink;
			productName = ESP32LEDBlink;
			productReference = 6CD289DF2316AC1900FBD509 /* ESP32LEDBlink.app */;
			productType = "com.apple.product-type.application";
		};
/* End PBXNativeTarget section */

/* Begin PBXProject section */
		6CD289D72316AC1900FBD509 /* Project object */ = {
			isa = PBXProject;
			attributes = {
				LastSwiftUpdateCheck = 1030;
				LastUpgradeCheck = 1030;
				ORGANIZATIONNAME = "Lahari Ganti";
				TargetAttributes = {
					6CD289DE2316AC1900FBD509 = {
						CreatedOnToolsVersion = 10.3;
					};
				};
			};
			buildConfigurationList = 6CD289DA2316AC1900FBD509 /* Build configuration list for PBXProject "ESP32LEDBlink" */;
			compatibilityVersion = "Xcode 9.3";
			developmentRegion = en;
			hasScannedForEncodings = 0;
			knownRegions = (
				en,
				Base,
			);
			mainGroup = 6CD289D62316AC1900FBD509;
			productRefGroup = 6CD289E02316AC1900FBD509 /* Products */;
			projectDirPath = "";
			projectRoot = "";
			targets = (
				6CD289DE2316AC1900FBD509 /* ESP32LEDBlink */,
			);
		};
/* End PBXProject section */

/* Begin PBXResourcesBuildPhase section */
		6CD289DD2316AC1900FBD509 /* Resources */ = {
			isa = PBXResourcesBuildPhase;
			buildActionMask = 2147483647;
			files = (
				6CD289ED2316AC1C00FBD509 /* LaunchScreen.storyboard in Resources */,
				6CD289EA2316AC1C00FBD509 /* Assets.xcassets in Resources */,
				6CD28A0623188D0E00FBD509 /* DeviceVC.xib in Resources */,
			);
			runOnlyForDeploymentPostprocessing = 0;
		};
/* End PBXResourcesBuildPhase section */

/* Begin PBXSourcesBuildPhase section */
		6CD289DB2316AC1900FBD509 /* Sources */ = {
			isa = PBXSourcesBuildPhase;
			buildActionMask = 2147483647;
			files = (
				6CD289E32316AC1900FBD509 /* AppDelegate.swift in Sources */,
				6CD28A022317F0F200FBD509 /* ESP32LEDBlink+Utilities.swift in Sources */,
				6CD289F62316AC9000FBD509 /* ScanVC.swift in Sources */,
				6CD289FB2316ADDC00FBD509 /* BTManager.swift in Sources */,
				6CD289FE2316AEA100FBD509 /* BTDevice.swift in Sources */,
				6CD28A0523188D0E00FBD509 /* DeviceVC.swift in Sources */,
				6CD28A002316B4C200FBD509 /* BTUUID.swift in Sources */,
			);
			runOnlyForDeploymentPostprocessing = 0;
		};
/* End PBXSourcesBuildPhase section */

/* Begin PBXVariantGroup section */
		6CD289EB2316AC1C00FBD509 /* LaunchScreen.storyboard */ = {
			isa = PBXVariantGroup;
			children = (
				6CD289EC2316AC1C00FBD509 /* Base */,
			);
			name = LaunchScreen.storyboard;
			sourceTree = "<group>";
		};
/* End PBXVariantGroup section */

/* Begin XCBuildConfiguration section */
		6CD289EF2316AC1C00FBD509 /* Debug */ = {
			isa = XCBuildConfiguration;
			buildSettings = {
				ALWAYS_SEARCH_USER_PATHS = NO;
				CLANG_ANALYZER_NONNULL = YES;
				CLANG_ANALYZER_NUMBER_OBJECT_CONVERSION = YES_AGGRESSIVE;
				CLANG_CXX_LANGUAGE_STANDARD = "gnu++14";
				CLANG_CXX_LIBRARY = "libc++";
				CLANG_ENABLE_MODULES = YES;
				CLANG_ENABLE_OBJC_ARC = YES;
				CLANG_ENABLE_OBJC_WEAK = YES;
				CLANG_WARN_BLOCK_CAPTURE_AUTORELEASING = YES;
				CLANG_WARN_BOOL_CONVERSION = YES;
				CLANG_WARN_COMMA = YES;
				CLANG_WARN_CONSTANT_CONVERSION = YES;
				CLANG_WARN_DEPRECATED_OBJC_IMPLEMENTATIONS = YES;
				CLANG_WARN_DIRECT_OBJC_ISA_USAGE = YES_ERROR;
				CLANG_WARN_DOCUMENTATION_COMMENTS = YES;
				CLANG_WARN_EMPTY_BODY = YES;
				CLANG_WARN_ENUM_CONVERSION = YES;
				CLANG_WARN_INFINITE_RECURSION = YES;
				CLANG_WARN_INT_CONVERSION = YES;
				CLANG_WARN_NON_LITERAL_NULL_CONVERSION = YES;
				CLANG_WARN_OBJC_IMPLICIT_RETAIN_SELF = YES;
				CLANG_WARN_OBJC_LITERAL_CONVERSION = YES;
				CLANG_WARN_OBJC_ROOT_CLASS = YES_ERROR;
				CLANG_WARN_RANGE_LOOP_ANALYSIS = YES;
				CLANG_WARN_STRICT_PROTOTYPES = YES;
				CLANG_WARN_SUSPICIOUS_MOVE = YES;
				CLANG_WARN_UNGUARDED_AVAILABILITY = YES_AGGRESSIVE;
				CLANG_WARN_UNREACHABLE_CODE = YES;
				CLANG_WARN__DUPLICATE_METHOD_MATCH = YES;
				CODE_SIGN_IDENTITY = "iPhone Developer";
				COPY_PHASE_STRIP = NO;
				DEBUG_INFORMATION_FORMAT = dwarf;
				ENABLE_STRICT_OBJC_MSGSEND = YES;
				ENABLE_TESTABILITY = YES;
				GCC_C_LANGUAGE_STANDARD = gnu11;
				GCC_DYNAMIC_NO_PIC = NO;
				GCC_NO_COMMON_BLOCKS = YES;
				GCC_OPTIMIZATION_LEVEL = 0;
				GCC_PREPROCESSOR_DEFINITIONS = (
					"DEBUG=1",
					"$(inherited)",
				);
				GCC_WARN_64_TO_32_BIT_CONVERSION = YES;
				GCC_WARN_ABOUT_RETURN_TYPE = YES_ERROR;
				GCC_WARN_UNDECLARED_SELECTOR = YES;
				GCC_WARN_UNINITIALIZED_AUTOS = YES_AGGRESSIVE;
				GCC_WARN_UNUSED_FUNCTION = YES;
				GCC_WARN_UNUSED_VARIABLE = YES;
				IPHONEOS_DEPLOYMENT_TARGET = 12.4;
				MTL_ENABLE_DEBUG_INFO = INCLUDE_SOURCE;
				MTL_FAST_MATH = YES;
				ONLY_ACTIVE_ARCH = YES;
				SDKROOT = iphoneos;
				SWIFT_ACTIVE_COMPILATION_CONDITIONS = DEBUG;
				SWIFT_OPTIMIZATION_LEVEL = "-Onone";
			};
			name = Debug;
		};
		6CD289F02316AC1C00FBD509 /* Release */ = {
			isa = XCBuildConfiguration;
			buildSettings = {
				ALWAYS_SEARCH_USER_PATHS = NO;
				CLANG_ANALYZER_NONNULL = YES;
				CLANG_ANALYZER_NUMBER_OBJECT_CONVERSION = YES_AGGRESSIVE;
				CLANG_CXX_LANGUAGE_STANDARD = "gnu++14";
				CLANG_CXX_LIBRARY = "libc++";
				CLANG_ENABLE_MODULES = YES;
				CLANG_ENABLE_OBJC_ARC = YES;
				CLANG_ENABLE_OBJC_WEAK = YES;
				CLANG_WARN_BLOCK_CAPTURE_AUTORELEASING = YES;
				CLANG_WARN_BOOL_CONVERSION = YES;
				CLANG_WARN_COMMA = YES;
				CLANG_WARN_CONSTANT_CONVERSION = YES;
				CLANG_WARN_DEPRECATED_OBJC_IMPLEMENTATIONS = YES;
				CLANG_WARN_DIRECT_OBJC_ISA_USAGE = YES_ERROR;
				CLANG_WARN_DOCUMENTATION_COMMENTS = YES;
				CLANG_WARN_EMPTY_BODY = YES;
				CLANG_WARN_ENUM_CONVERSION = YES;
				CLANG_WARN_INFINITE_RECURSION = YES;
				CLANG_WARN_INT_CONVERSION = YES;
				CLANG_WARN_NON_LITERAL_NULL_CONVERSION = YES;
				CLANG_WARN_OBJC_IMPLICIT_RETAIN_SELF = YES;
				CLANG_WARN_OBJC_LITERAL_CONVERSION = YES;
				CLANG_WARN_OBJC_ROOT_CLASS = YES_ERROR;
				CLANG_WARN_RANGE_LOOP_ANALYSIS = YES;
				CLANG_WARN_STRICT_PROTOTYPES = YES;
				CLANG_WARN_SUSPICIOUS_MOVE = YES;
				CLANG_WARN_UNGUARDED_AVAILABILITY = YES_AGGRESSIVE;
				CLANG_WARN_UNREACHABLE_CODE = YES;
				CLANG_WARN__DUPLICATE_METHOD_MATCH = YES;
				CODE_SIGN_IDENTITY = "iPhone Developer";
				COPY_PHASE_STRIP = NO;
				DEBUG_INFORMATION_FORMAT = "dwarf-with-dsym";
				ENABLE_NS_ASSERTIONS = NO;
				ENABLE_STRICT_OBJC_MSGSEND = YES;
				GCC_C_LANGUAGE_STANDARD = gnu11;
				GCC_NO_COMMON_BLOCKS = YES;
				GCC_WARN_64_TO_32_BIT_CONVERSION = YES;
				GCC_WARN_ABOUT_RETURN_TYPE = YES_ERROR;
				GCC_WARN_UNDECLARED_SELECTOR = YES;
				GCC_WARN_UNINITIALIZED_AUTOS = YES_AGGRESSIVE;
				GCC_WARN_UNUSED_FUNCTION = YES;
				GCC_WARN_UNUSED_VARIABLE = YES;
				IPHONEOS_DEPLOYMENT_TARGET = 12.4;
				MTL_ENABLE_DEBUG_INFO = NO;
				MTL_FAST_MATH = YES;
				SDKROOT = iphoneos;
				SWIFT_COMPILATION_MODE = wholemodule;
				SWIFT_OPTIMIZATION_LEVEL = "-O";
				VALIDATE_PRODUCT = YES;
			};
			name = Release;
		};
		6CD289F22316AC1C00FBD509 /* Debug */ = {
			isa = XCBuildConfiguration;
			buildSettings = {
				ASSETCATALOG_COMPILER_APPICON_NAME = AppIcon;
				CODE_SIGN_STYLE = Automatic;
				DEVELOPMENT_TEAM = 7699K39ZR4;
				INFOPLIST_FILE = "$(SRCROOT)/ESP32LEDBlink/Supporting Files/Info.plist";
				LD_RUNPATH_SEARCH_PATHS = (
					"$(inherited)",
					"@executable_path/Frameworks",
				);
				PRODUCT_BUNDLE_IDENTIFIER = gmail.gplahari.ESP32LEDBlink;
				PRODUCT_NAME = "$(TARGET_NAME)";
				SWIFT_VERSION = 5.0;
				TARGETED_DEVICE_FAMILY = "1,2";
			};
			name = Debug;
		};
		6CD289F32316AC1C00FBD509 /* Release */ = {
			isa = XCBuildConfiguration;
			buildSettings = {
				ASSETCATALOG_COMPILER_APPICON_NAME = AppIcon;
				CODE_SIGN_STYLE = Automatic;
				DEVELOPMENT_TEAM = 7699K39ZR4;
				INFOPLIST_FILE = "$(SRCROOT)/ESP32LEDBlink/Supporting Files/Info.plist";
				LD_RUNPATH_SEARCH_PATHS = (
					"$(inherited)",
					"@executable_path/Frameworks",
				);
				PRODUCT_BUNDLE_IDENTIFIER = gmail.gplahari.ESP32LEDBlink;
				PRODUCT_NAME = "$(TARGET_NAME)";
				SWIFT_VERSION = 5.0;
				TARGETED_DEVICE_FAMILY = "1,2";
			};
			name = Release;
		};
/* End XCBuildConfiguration section */

/* Begin XCConfigurationList section */
		6CD289DA2316AC1900FBD509 /* Build configuration list for PBXProject "ESP32LEDBlink" */ = {
			isa = XCConfigurationList;
			buildConfigurations = (
				6CD289EF2316AC1C00FBD509 /* Debug */,
				6CD289F02316AC1C00FBD509 /* Release */,
			);
			defaultConfigurationIsVisible = 0;
			defaultConfigurationName = Release;
		};
		6CD289F12316AC1C00FBD509 /* Build configuration list for PBXNativeTarget "ESP32LEDBlink" */ = {
			isa = XCConfigurationList;
			buildConfigurations = (
				6CD289F22316AC1C00FBD509 /* Debug */,
				6CD289F32316AC1C00FBD509 /* Release */,
			);
			defaultConfigurationIsVisible = 0;
			defaultConfigurationName = Release;
		};
/* End XCConfigurationList section */
	};
	rootObject = 6CD289D72316AC1900FBD509 /* Project object */;
}
